// !$*UTF8*$!
{
	archiveVersion = 1;
	classes = {
	};
	objectVersion = 46;
	objects = {

/* Begin PBXBuildFile section */
		0324DB4415C4EE714E621934 /* Pods_examen.framework in Frameworks */ = {isa = PBXBuildFile; fileRef = 00FEEFE6F8862E97DC7507C2 /* Pods_examen.framework */; };
		0F88153E158450094B8BEB47 /* Pods_examenTests.framework in Frameworks */ = {isa = PBXBuildFile; fileRef = D332751155475AF2E6F54F12 /* Pods_examenTests.framework */; };
		556B81A81EF38E00002EFB29 /* AppDelegate.swift in Sources */ = {isa = PBXBuildFile; fileRef = 556B81A71EF38E00002EFB29 /* AppDelegate.swift */; };
		556B81AA1EF38E00002EFB29 /* ViewController.swift in Sources */ = {isa = PBXBuildFile; fileRef = 556B81A91EF38E00002EFB29 /* ViewController.swift */; };
		556B81AD1EF38E01002EFB29 /* Main.storyboard in Resources */ = {isa = PBXBuildFile; fileRef = 556B81AB1EF38E01002EFB29 /* Main.storyboard */; };
		556B81AF1EF38E01002EFB29 /* Assets.xcassets in Resources */ = {isa = PBXBuildFile; fileRef = 556B81AE1EF38E01002EFB29 /* Assets.xcassets */; };
		556B81B21EF38E01002EFB29 /* LaunchScreen.storyboard in Resources */ = {isa = PBXBuildFile; fileRef = 556B81B01EF38E01002EFB29 /* LaunchScreen.storyboard */; };
		556B81BD1EF38E02002EFB29 /* examenTests.swift in Sources */ = {isa = PBXBuildFile; fileRef = 556B81BC1EF38E02002EFB29 /* examenTests.swift */; };
		556B81C81EF38E02002EFB29 /* examenUITests.swift in Sources */ = {isa = PBXBuildFile; fileRef = 556B81C71EF38E02002EFB29 /* examenUITests.swift */; };
		556B81D61EF39533002EFB29 /* celdaPropiaTableViewCell.swift in Sources */ = {isa = PBXBuildFile; fileRef = 556B81D51EF39533002EFB29 /* celdaPropiaTableViewCell.swift */; };
		556B81D81EF3FB96002EFB29 /* PokemonTableViewController.swift in Sources */ = {isa = PBXBuildFile; fileRef = 556B81D71EF3FB96002EFB29 /* PokemonTableViewController.swift */; };
		556B81DA1EF41653002EFB29 /* Pokemon.swift in Sources */ = {isa = PBXBuildFile; fileRef = 556B81D91EF41653002EFB29 /* Pokemon.swift */; };
		556B81DC1EF42C34002EFB29 /* mostrarInformacionController.swift in Sources */ = {isa = PBXBuildFile; fileRef = 556B81DB1EF42C34002EFB29 /* mostrarInformacionController.swift */; };
		C50DE4841EF43FC6000DE8DA /* GoogleService-Info.plist in Resources */ = {isa = PBXBuildFile; fileRef = C50DE4831EF43FC6000DE8DA /* GoogleService-Info.plist */; };
		DEB7673AADB07BDCD463E8C7 /* Pods_examenUITests.framework in Frameworks */ = {isa = PBXBuildFile; fileRef = 4FD303828D5CA4B12F838F62 /* Pods_examenUITests.framework */; };
/* End PBXBuildFile section */

/* Begin PBXContainerItemProxy section */
		556B81B91EF38E02002EFB29 /* PBXContainerItemProxy */ = {
			isa = PBXContainerItemProxy;
			containerPortal = 556B819C1EF38E00002EFB29 /* Project object */;
			proxyType = 1;
			remoteGlobalIDString = 556B81A31EF38E00002EFB29;
			remoteInfo = examen;
		};
		556B81C41EF38E02002EFB29 /* PBXContainerItemProxy */ = {
			isa = PBXContainerItemProxy;
			containerPortal = 556B819C1EF38E00002EFB29 /* Project object */;
			proxyType = 1;
			remoteGlobalIDString = 556B81A31EF38E00002EFB29;
			remoteInfo = examen;
		};
/* End PBXContainerItemProxy section */

/* Begin PBXFileReference section */
		00FEEFE6F8862E97DC7507C2 /* Pods_examen.framework */ = {isa = PBXFileReference; explicitFileType = wrapper.framework; includeInIndex = 0; path = Pods_examen.framework; sourceTree = BUILT_PRODUCTS_DIR; };
		0491C32345E7D6FE374D2354 /* Pods-examenTests.debug.xcconfig */ = {isa = PBXFileReference; includeInIndex = 1; lastKnownFileType = text.xcconfig; name = "Pods-examenTests.debug.xcconfig"; path = "Pods/Target Support Files/Pods-examenTests/Pods-examenTests.debug.xcconfig"; sourceTree = "<group>"; };
		42680731A3D1F39F25274053 /* Pods-examenTests.release.xcconfig */ = {isa = PBXFileReference; includeInIndex = 1; lastKnownFileType = text.xcconfig; name = "Pods-examenTests.release.xcconfig"; path = "Pods/Target Support Files/Pods-examenTests/Pods-examenTests.release.xcconfig"; sourceTree = "<group>"; };
		4FD303828D5CA4B12F838F62 /* Pods_examenUITests.framework */ = {isa = PBXFileReference; explicitFileType = wrapper.framework; includeInIndex = 0; path = Pods_examenUITests.framework; sourceTree = BUILT_PRODUCTS_DIR; };
		556B81A41EF38E00002EFB29 /* examen.app */ = {isa = PBXFileReference; explicitFileType = wrapper.application; includeInIndex = 0; path = examen.app; sourceTree = BUILT_PRODUCTS_DIR; };
		556B81A71EF38E00002EFB29 /* AppDelegate.swift */ = {isa = PBXFileReference; lastKnownFileType = sourcecode.swift; path = AppDelegate.swift; sourceTree = "<group>"; };
		556B81A91EF38E00002EFB29 /* ViewController.swift */ = {isa = PBXFileReference; lastKnownFileType = sourcecode.swift; path = ViewController.swift; sourceTree = "<group>"; };
		556B81AC1EF38E01002EFB29 /* Base */ = {isa = PBXFileReference; lastKnownFileType = file.storyboard; name = Base; path = Base.lproj/Main.storyboard; sourceTree = "<group>"; };
		556B81AE1EF38E01002EFB29 /* Assets.xcassets */ = {isa = PBXFileReference; lastKnownFileType = folder.assetcatalog; path = Assets.xcassets; sourceTree = "<group>"; };
		556B81B11EF38E01002EFB29 /* Base */ = {isa = PBXFileReference; lastKnownFileType = file.storyboard; name = Base; path = Base.lproj/LaunchScreen.storyboard; sourceTree = "<group>"; };
		556B81B31EF38E01002EFB29 /* Info.plist */ = {isa = PBXFileReference; lastKnownFileType = text.plist.xml; name = Info.plist; path = examen/Info.plist; sourceTree = "<group>"; };
		556B81B81EF38E02002EFB29 /* examenTests.xctest */ = {isa = PBXFileReference; explicitFileType = wrapper.cfbundle; includeInIndex = 0; path = examenTests.xctest; sourceTree = BUILT_PRODUCTS_DIR; };
		556B81BC1EF38E02002EFB29 /* examenTests.swift */ = {isa = PBXFileReference; lastKnownFileType = sourcecode.swift; path = examenTests.swift; sourceTree = "<group>"; };
		556B81BE1EF38E02002EFB29 /* Info.plist */ = {isa = PBXFileReference; lastKnownFileType = text.plist.xml; path = Info.plist; sourceTree = "<group>"; };
		556B81C31EF38E02002EFB29 /* examenUITests.xctest */ = {isa = PBXFileReference; explicitFileType = wrapper.cfbundle; includeInIndex = 0; path = examenUITests.xctest; sourceTree = BUILT_PRODUCTS_DIR; };
		556B81C71EF38E02002EFB29 /* examenUITests.swift */ = {isa = PBXFileReference; lastKnownFileType = sourcecode.swift; path = examenUITests.swift; sourceTree = "<group>"; };
		556B81C91EF38E02002EFB29 /* Info.plist */ = {isa = PBXFileReference; lastKnownFileType = text.plist.xml; path = Info.plist; sourceTree = "<group>"; };
		556B81D51EF39533002EFB29 /* celdaPropiaTableViewCell.swift */ = {isa = PBXFileReference; fileEncoding = 4; lastKnownFileType = sourcecode.swift; path = celdaPropiaTableViewCell.swift; sourceTree = "<group>"; };
		556B81D71EF3FB96002EFB29 /* PokemonTableViewController.swift */ = {isa = PBXFileReference; fileEncoding = 4; lastKnownFileType = sourcecode.swift; path = PokemonTableViewController.swift; sourceTree = "<group>"; };
		556B81D91EF41653002EFB29 /* Pokemon.swift */ = {isa = PBXFileReference; fileEncoding = 4; lastKnownFileType = sourcecode.swift; path = Pokemon.swift; sourceTree = "<group>"; };
		556B81DB1EF42C34002EFB29 /* mostrarInformacionController.swift */ = {isa = PBXFileReference; fileEncoding = 4; lastKnownFileType = sourcecode.swift; path = mostrarInformacionController.swift; sourceTree = "<group>"; };
		90B168695CFFC591FEDF4DDA /* Pods-examen.debug.xcconfig */ = {isa = PBXFileReference; includeInIndex = 1; lastKnownFileType = text.xcconfig; name = "Pods-examen.debug.xcconfig"; path = "Pods/Target Support Files/Pods-examen/Pods-examen.debug.xcconfig"; sourceTree = "<group>"; };
		C098C0B39987311488A0F7B0 /* Pods-examenUITests.debug.xcconfig */ = {isa = PBXFileReference; includeInIndex = 1; lastKnownFileType = text.xcconfig; name = "Pods-examenUITests.debug.xcconfig"; path = "Pods/Target Support Files/Pods-examenUITests/Pods-examenUITests.debug.xcconfig"; sourceTree = "<group>"; };
		C50DE4831EF43FC6000DE8DA /* GoogleService-Info.plist */ = {isa = PBXFileReference; fileEncoding = 4; lastKnownFileType = text.plist.xml; name = "GoogleService-Info.plist"; path = "../../../../Downloads/GoogleService-Info.plist"; sourceTree = "<group>"; };
		D332751155475AF2E6F54F12 /* Pods_examenTests.framework */ = {isa = PBXFileReference; explicitFileType = wrapper.framework; includeInIndex = 0; path = Pods_examenTests.framework; sourceTree = BUILT_PRODUCTS_DIR; };
		ED4998494119486971EEFFDA /* Pods-examen.release.xcconfig */ = {isa = PBXFileReference; includeInIndex = 1; lastKnownFileType = text.xcconfig; name = "Pods-examen.release.xcconfig"; path = "Pods/Target Support Files/Pods-examen/Pods-examen.release.xcconfig"; sourceTree = "<group>"; };
		FE1509229124BB1B566D4977 /* Pods-examenUITests.release.xcconfig */ = {isa = PBXFileReference; includeInIndex = 1; lastKnownFileType = text.xcconfig; name = "Pods-examenUITests.release.xcconfig"; path = "Pods/Target Support Files/Pods-examenUITests/Pods-examenUITests.release.xcconfig"; sourceTree = "<group>"; };
/* End PBXFileReference section */

/* Begin PBXFrameworksBuildPhase section */
		556B81A11EF38E00002EFB29 /* Frameworks */ = {
			isa = PBXFrameworksBuildPhase;
			buildActionMask = 2147483647;
			files = (
				0324DB4415C4EE714E621934 /* Pods_examen.framework in Frameworks */,
			);
			runOnlyForDeploymentPostprocessing = 0;
		};
		556B81B51EF38E02002EFB29 /* Frameworks */ = {
			isa = PBXFrameworksBuildPhase;
			buildActionMask = 2147483647;
			files = (
				0F88153E158450094B8BEB47 /* Pods_examenTests.framework in Frameworks */,
			);
			runOnlyForDeploymentPostprocessing = 0;
		};
		556B81C01EF38E02002EFB29 /* Frameworks */ = {
			isa = PBXFrameworksBuildPhase;
			buildActionMask = 2147483647;
			files = (
				DEB7673AADB07BDCD463E8C7 /* Pods_examenUITests.framework in Frameworks */,
			);
			runOnlyForDeploymentPostprocessing = 0;
		};
/* End PBXFrameworksBuildPhase section */

/* Begin PBXGroup section */
		021FA18ED59539A5355432FA /* Frameworks */ = {
			isa = PBXGroup;
			children = (
				00FEEFE6F8862E97DC7507C2 /* Pods_examen.framework */,
				D332751155475AF2E6F54F12 /* Pods_examenTests.framework */,
				4FD303828D5CA4B12F838F62 /* Pods_examenUITests.framework */,
			);
			name = Frameworks;
			sourceTree = "<group>";
		};
		43433FF44D25864D5797B5A9 /* Pods */ = {
			isa = PBXGroup;
			children = (
				90B168695CFFC591FEDF4DDA /* Pods-examen.debug.xcconfig */,
				ED4998494119486971EEFFDA /* Pods-examen.release.xcconfig */,
				0491C32345E7D6FE374D2354 /* Pods-examenTests.debug.xcconfig */,
				42680731A3D1F39F25274053 /* Pods-examenTests.release.xcconfig */,
				C098C0B39987311488A0F7B0 /* Pods-examenUITests.debug.xcconfig */,
				FE1509229124BB1B566D4977 /* Pods-examenUITests.release.xcconfig */,
			);
			name = Pods;
			sourceTree = "<group>";
		};
		556B819B1EF38E00002EFB29 = {
			isa = PBXGroup;
			children = (
				556B81A61EF38E00002EFB29 /* examen */,
				556B81BB1EF38E02002EFB29 /* examenTests */,
				556B81C61EF38E02002EFB29 /* examenUITests */,
				556B81A51EF38E00002EFB29 /* Products */,
				556B81B31EF38E01002EFB29 /* Info.plist */,
				43433FF44D25864D5797B5A9 /* Pods */,
				021FA18ED59539A5355432FA /* Frameworks */,
			);
			sourceTree = "<group>";
		};
		556B81A51EF38E00002EFB29 /* Products */ = {
			isa = PBXGroup;
			children = (
				556B81A41EF38E00002EFB29 /* examen.app */,
				556B81B81EF38E02002EFB29 /* examenTests.xctest */,
				556B81C31EF38E02002EFB29 /* examenUITests.xctest */,
			);
			name = Products;
			sourceTree = "<group>";
		};
		556B81A61EF38E00002EFB29 /* examen */ = {
			isa = PBXGroup;
			children = (
				C50DE4831EF43FC6000DE8DA /* GoogleService-Info.plist */,
				556B81A71EF38E00002EFB29 /* AppDelegate.swift */,
				556B81A91EF38E00002EFB29 /* ViewController.swift */,
				556B81AB1EF38E01002EFB29 /* Main.storyboard */,
				556B81AE1EF38E01002EFB29 /* Assets.xcassets */,
				556B81B01EF38E01002EFB29 /* LaunchScreen.storyboard */,
				556B81D51EF39533002EFB29 /* celdaPropiaTableViewCell.swift */,
				556B81D71EF3FB96002EFB29 /* PokemonTableViewController.swift */,
				556B81D91EF41653002EFB29 /* Pokemon.swift */,
				556B81DB1EF42C34002EFB29 /* mostrarInformacionController.swift */,
			);
			path = examen;
			sourceTree = "<group>";
		};
		556B81BB1EF38E02002EFB29 /* examenTests */ = {
			isa = PBXGroup;
			children = (
				556B81BC1EF38E02002EFB29 /* examenTests.swift */,
				556B81BE1EF38E02002EFB29 /* Info.plist */,
			);
			path = examenTests;
			sourceTree = "<group>";
		};
		556B81C61EF38E02002EFB29 /* examenUITests */ = {
			isa = PBXGroup;
			children = (
				556B81C71EF38E02002EFB29 /* examenUITests.swift */,
				556B81C91EF38E02002EFB29 /* Info.plist */,
			);
			path = examenUITests;
			sourceTree = "<group>";
		};
/* End PBXGroup section */

/* Begin PBXNativeTarget section */
		556B81A31EF38E00002EFB29 /* examen */ = {
			isa = PBXNativeTarget;
			buildConfigurationList = 556B81CC1EF38E02002EFB29 /* Build configuration list for PBXNativeTarget "examen" */;
			buildPhases = (
				04FCE10DE63790A315A35990 /* [CP] Check Pods Manifest.lock */,
				556B81A01EF38E00002EFB29 /* Sources */,
				556B81A11EF38E00002EFB29 /* Frameworks */,
				556B81A21EF38E00002EFB29 /* Resources */,
				ED323F145B69B323850E5AA6 /* [CP] Embed Pods Frameworks */,
				F3C737D1BD37E363710A7E37 /* [CP] Copy Pods Resources */,
			);
			buildRules = (
			);
			dependencies = (
			);
			name = examen;
			productName = examen;
			productReference = 556B81A41EF38E00002EFB29 /* examen.app */;
			productType = "com.apple.product-type.application";
		};
		556B81B71EF38E02002EFB29 /* examenTests */ = {
			isa = PBXNativeTarget;
			buildConfigurationList = 556B81CF1EF38E02002EFB29 /* Build configuration list for PBXNativeTarget "examenTests" */;
			buildPhases = (
				5ED237FAACB46935EDD2F48F /* [CP] Check Pods Manifest.lock */,
				556B81B41EF38E02002EFB29 /* Sources */,
				556B81B51EF38E02002EFB29 /* Frameworks */,
				556B81B61EF38E02002EFB29 /* Resources */,
				A02805181F96E95BF1514FD1 /* [CP] Embed Pods Frameworks */,
				1A30F72C8B8768C81E855B79 /* [CP] Copy Pods Resources */,
			);
			buildRules = (
			);
			dependencies = (
				556B81BA1EF38E02002EFB29 /* PBXTargetDependency */,
			);
			name = examenTests;
			productName = examenTests;
			productReference = 556B81B81EF38E02002EFB29 /* examenTests.xctest */;
			productType = "com.apple.product-type.bundle.unit-test";
		};
		556B81C21EF38E02002EFB29 /* examenUITests */ = {
			isa = PBXNativeTarget;
			buildConfigurationList = 556B81D21EF38E02002EFB29 /* Build configuration list for PBXNativeTarget "examenUITests" */;
			buildPhases = (
				EB707D21D0DC8D2DD0987B7D /* [CP] Check Pods Manifest.lock */,
				556B81BF1EF38E02002EFB29 /* Sources */,
				556B81C01EF38E02002EFB29 /* Frameworks */,
				556B81C11EF38E02002EFB29 /* Resources */,
				B1B4B69196834E42FC9AECD9 /* [CP] Embed Pods Frameworks */,
				B0621696980C0B6EB12F8DAD /* [CP] Copy Pods Resources */,
			);
			buildRules = (
			);
			dependencies = (
				556B81C51EF38E02002EFB29 /* PBXTargetDependency */,
			);
			name = examenUITests;
			productName = examenUITests;
			productReference = 556B81C31EF38E02002EFB29 /* examenUITests.xctest */;
			productType = "com.apple.product-type.bundle.ui-testing";
		};
/* End PBXNativeTarget section */

/* Begin PBXProject section */
		556B819C1EF38E00002EFB29 /* Project object */ = {
			isa = PBXProject;
			attributes = {
				LastSwiftUpdateCheck = 0820;
				LastUpgradeCheck = 0820;
				ORGANIZATIONNAME = Oscar;
				TargetAttributes = {
					556B81A31EF38E00002EFB29 = {
						CreatedOnToolsVersion = 8.2.1;
						ProvisioningStyle = Automatic;
					};
					556B81B71EF38E02002EFB29 = {
						CreatedOnToolsVersion = 8.2.1;
						ProvisioningStyle = Automatic;
						TestTargetID = 556B81A31EF38E00002EFB29;
					};
					556B81C21EF38E02002EFB29 = {
						CreatedOnToolsVersion = 8.2.1;
						ProvisioningStyle = Automatic;
						TestTargetID = 556B81A31EF38E00002EFB29;
					};
				};
			};
			buildConfigurationList = 556B819F1EF38E00002EFB29 /* Build configuration list for PBXProject "examen" */;
			compatibilityVersion = "Xcode 3.2";
			developmentRegion = English;
			hasScannedForEncodings = 0;
			knownRegions = (
				en,
				Base,
			);
			mainGroup = 556B819B1EF38E00002EFB29;
			productRefGroup = 556B81A51EF38E00002EFB29 /* Products */;
			projectDirPath = "";
			projectRoot = "";
			targets = (
				556B81A31EF38E00002EFB29 /* examen */,
				556B81B71EF38E02002EFB29 /* examenTests */,
				556B81C21EF38E02002EFB29 /* examenUITests */,
			);
		};
/* End PBXProject section */

/* Begin PBXResourcesBuildPhase section */
		556B81A21EF38E00002EFB29 /* Resources */ = {
			isa = PBXResourcesBuildPhase;
			buildActionMask = 2147483647;
			files = (
				556B81B21EF38E01002EFB29 /* LaunchScreen.storyboard in Resources */,
				C50DE4841EF43FC6000DE8DA /* GoogleService-Info.plist in Resources */,
				556B81AF1EF38E01002EFB29 /* Assets.xcassets in Resources */,
				556B81AD1EF38E01002EFB29 /* Main.storyboard in Resources */,
			);
			runOnlyForDeploymentPostprocessing = 0;
		};
		556B81B61EF38E02002EFB29 /* Resources */ = {
			isa = PBXResourcesBuildPhase;
			buildActionMask = 2147483647;
			files = (
			);
			runOnlyForDeploymentPostprocessing = 0;
		};
		556B81C11EF38E02002EFB29 /* Resources */ = {
			isa = PBXResourcesBuildPhase;
			buildActionMask = 2147483647;
			files = (
			);
			runOnlyForDeploymentPostprocessing = 0;
		};
/* End PBXResourcesBuildPhase section */

/* Begin PBXShellScriptBuildPhase section */
		04FCE10DE63790A315A35990 /* [CP] Check Pods Manifest.lock */ = {
			isa = PBXShellScriptBuildPhase;
			buildActionMask = 2147483647;
			files = (
			);
			inputPaths = (
			);
			name = "[CP] Check Pods Manifest.lock";
			outputPaths = (
			);
			runOnlyForDeploymentPostprocessing = 0;
			shellPath = /bin/sh;
			shellScript = "diff \"${PODS_PODFILE_DIR_PATH}/Podfile.lock\" \"${PODS_ROOT}/Manifest.lock\" > /dev/null\nif [ $? != 0 ] ; then\n    # print error to STDERR\n    echo \"error: The sandbox is not in sync with the Podfile.lock. Run 'pod install' or update your CocoaPods installation.\" >&2\n    exit 1\nfi\n";
			showEnvVarsInLog = 0;
		};
		1A30F72C8B8768C81E855B79 /* [CP] Copy Pods Resources */ = {
			isa = PBXShellScriptBuildPhase;
			buildActionMask = 2147483647;
			files = (
			);
			inputPaths = (
			);
			name = "[CP] Copy Pods Resources";
			outputPaths = (
			);
			runOnlyForDeploymentPostprocessing = 0;
			shellPath = /bin/sh;
			shellScript = "\"${SRCROOT}/Pods/Target Support Files/Pods-examenTests/Pods-examenTests-resources.sh\"\n";
			showEnvVarsInLog = 0;
		};
		5ED237FAACB46935EDD2F48F /* [CP] Check Pods Manifest.lock */ = {
			isa = PBXShellScriptBuildPhase;
			buildActionMask = 2147483647;
			files = (
			);
			inputPaths = (
			);
			name = "[CP] Check Pods Manifest.lock";
			outputPaths = (
			);
			runOnlyForDeploymentPostprocessing = 0;
			shellPath = /bin/sh;
			shellScript = "diff \"${PODS_PODFILE_DIR_PATH}/Podfile.lock\" \"${PODS_ROOT}/Manifest.lock\" > /dev/null\nif [ $? != 0 ] ; then\n    # print error to STDERR\n    echo \"error: The sandbox is not in sync with the Podfile.lock. Run 'pod install' or update your CocoaPods installation.\" >&2\n    exit 1\nfi\n";
			showEnvVarsInLog = 0;
		};
		A02805181F96E95BF1514FD1 /* [CP] Embed Pods Frameworks */ = {
			isa = PBXShellScriptBuildPhase;
			buildActionMask = 2147483647;
			files = (
			);
			inputPaths = (
			);
			name = "[CP] Embed Pods Frameworks";
			outputPaths = (
			);
			runOnlyForDeploymentPostprocessing = 0;
			shellPath = /bin/sh;
			shellScript = "\"${SRCROOT}/Pods/Target Support Files/Pods-examenTests/Pods-examenTests-frameworks.sh\"\n";
			showEnvVarsInLog = 0;
		};
		B0621696980C0B6EB12F8DAD /* [CP] Copy Pods Resources */ = {
			isa = PBXShellScriptBuildPhase;
			buildActionMask = 2147483647;
			files = (
			);
			inputPaths = (
			);
			name = "[CP] Copy Pods Resources";
			outputPaths = (
			);
			runOnlyForDeploymentPostprocessing = 0;
			shellPath = /bin/sh;
			shellScript = "\"${SRCROOT}/Pods/Target Support Files/Pods-examenUITests/Pods-examenUITests-resources.sh\"\n";
			showEnvVarsInLog = 0;
		};
		B1B4B69196834E42FC9AECD9 /* [CP] Embed Pods Frameworks */ = {
			isa = PBXShellScriptBuildPhase;
			buildActionMask = 2147483647;
			files = (
			);
			inputPaths = (
			);
			name = "[CP] Embed Pods Frameworks";
			outputPaths = (
			);
			runOnlyForDeploymentPostprocessing = 0;
			shellPath = /bin/sh;
			shellScript = "\"${SRCROOT}/Pods/Target Support Files/Pods-examenUITests/Pods-examenUITests-frameworks.sh\"\n";
			showEnvVarsInLog = 0;
		};
		EB707D21D0DC8D2DD0987B7D /* [CP] Check Pods Manifest.lock */ = {
			isa = PBXShellScriptBuildPhase;
			buildActionMask = 2147483647;
			files = (
			);
			inputPaths = (
			);
			name = "[CP] Check Pods Manifest.lock";
			outputPaths = (
			);
			runOnlyForDeploymentPostprocessing = 0;
			shellPath = /bin/sh;
			shellScript = "diff \"${PODS_PODFILE_DIR_PATH}/Podfile.lock\" \"${PODS_ROOT}/Manifest.lock\" > /dev/null\nif [ $? != 0 ] ; then\n    # print error to STDERR\n    echo \"error: The sandbox is not in sync with the Podfile.lock. Run 'pod install' or update your CocoaPods installation.\" >&2\n    exit 1\nfi\n";
			showEnvVarsInLog = 0;
		};
		ED323F145B69B323850E5AA6 /* [CP] Embed Pods Frameworks */ = {
			isa = PBXShellScriptBuildPhase;
			buildActionMask = 2147483647;
			files = (
			);
			inputPaths = (
			);
			name = "[CP] Embed Pods Frameworks";
			outputPaths = (
			);
			runOnlyForDeploymentPostprocessing = 0;
			shellPath = /bin/sh;
			shellScript = "\"${SRCROOT}/Pods/Target Support Files/Pods-examen/Pods-examen-frameworks.sh\"\n";
			showEnvVarsInLog = 0;
		};
		F3C737D1BD37E363710A7E37 /* [CP] Copy Pods Resources */ = {
			isa = PBXShellScriptBuildPhase;
			buildActionMask = 2147483647;
			files = (
			);
			inputPaths = (
			);
			name = "[CP] Copy Pods Resources";
			outputPaths = (
			);
			runOnlyForDeploymentPostprocessing = 0;
			shellPath = /bin/sh;
			shellScript = "\"${SRCROOT}/Pods/Target Support Files/Pods-examen/Pods-examen-resources.sh\"\n";
			showEnvVarsInLog = 0;
		};
/* End PBXShellScriptBuildPhase section */

/* Begin PBXSourcesBuildPhase section */
		556B81A01EF38E00002EFB29 /* Sources */ = {
			isa = PBXSourcesBuildPhase;
			buildActionMask = 2147483647;
			files = (
				556B81DA1EF41653002EFB29 /* Pokemon.swift in Sources */,
				556B81AA1EF38E00002EFB29 /* ViewController.swift in Sources */,
				556B81DC1EF42C34002EFB29 /* mostrarInformacionController.swift in Sources */,
				556B81D61EF39533002EFB29 /* celdaPropiaTableViewCell.swift in Sources */,
				556B81D81EF3FB96002EFB29 /* PokemonTableViewController.swift in Sources */,
				556B81A81EF38E00002EFB29 /* AppDelegate.swift in Sources */,
			);
			runOnlyForDeploymentPostprocessing = 0;
		};
		556B81B41EF38E02002EFB29 /* Sources */ = {
			isa = PBXSourcesBuildPhase;
			buildActionMask = 2147483647;
			files = (
				556B81BD1EF38E02002EFB29 /* examenTests.swift in Sources */,
			);
			runOnlyForDeploymentPostprocessing = 0;
		};
		556B81BF1EF38E02002EFB29 /* Sources */ = {
			isa = PBXSourcesBuildPhase;
			buildActionMask = 2147483647;
			files = (
				556B81C81EF38E02002EFB29 /* examenUITests.swift in Sources */,
			);
			runOnlyForDeploymentPostprocessing = 0;
		};
/* End PBXSourcesBuildPhase section */

/* Begin PBXTargetDependency section */
		556B81BA1EF38E02002EFB29 /* PBXTargetDependency */ = {
			isa = PBXTargetDependency;
			target = 556B81A31EF38E00002EFB29 /* examen */;
			targetProxy = 556B81B91EF38E02002EFB29 /* PBXContainerItemProxy */;
		};
		556B81C51EF38E02002EFB29 /* PBXTargetDependency */ = {
			isa = PBXTargetDependency;
			target = 556B81A31EF38E00002EFB29 /* examen */;
			targetProxy = 556B81C41EF38E02002EFB29 /* PBXContainerItemProxy */;
		};
/* End PBXTargetDependency section */

/* Begin PBXVariantGroup section */
		556B81AB1EF38E01002EFB29 /* Main.storyboard */ = {
			isa = PBXVariantGroup;
			children = (
				556B81AC1EF38E01002EFB29 /* Base */,
			);
			name = Main.storyboard;
			sourceTree = "<group>";
		};
		556B81B01EF38E01002EFB29 /* LaunchScreen.storyboard */ = {
			isa = PBXVariantGroup;
			children = (
				556B81B11EF38E01002EFB29 /* Base */,
			);
			name = LaunchScreen.storyboard;
			sourceTree = "<group>";
		};
/* End PBXVariantGroup section */

/* Begin XCBuildConfiguration section */
		556B81CA1EF38E02002EFB29 /* Debug */ = {
			isa = XCBuildConfiguration;
			buildSettings = {
				ALWAYS_SEARCH_USER_PATHS = NO;
				CLANG_ANALYZER_NONNULL = YES;
				CLANG_CXX_LANGUAGE_STANDARD = "gnu++0x";
				CLANG_CXX_LIBRARY = "libc++";
				CLANG_ENABLE_MODULES = YES;
				CLANG_ENABLE_OBJC_ARC = YES;
				CLANG_WARN_BOOL_CONVERSION = YES;
				CLANG_WARN_CONSTANT_CONVERSION = YES;
				CLANG_WARN_DIRECT_OBJC_ISA_USAGE = YES_ERROR;
				CLANG_WARN_DOCUMENTATION_COMMENTS = YES;
				CLANG_WARN_EMPTY_BODY = YES;
				CLANG_WARN_ENUM_CONVERSION = YES;
				CLANG_WARN_INFINITE_RECURSION = YES;
				CLANG_WARN_INT_CONVERSION = YES;
				CLANG_WARN_OBJC_ROOT_CLASS = YES_ERROR;
				CLANG_WARN_SUSPICIOUS_MOVE = YES;
				CLANG_WARN_UNREACHABLE_CODE = YES;
				CLANG_WARN__DUPLICATE_METHOD_MATCH = YES;
				"CODE_SIGN_IDENTITY[sdk=iphoneos*]" = "iPhone Developer";
				COPY_PHASE_STRIP = NO;
				DEBUG_INFORMATION_FORMAT = dwarf;
				ENABLE_STRICT_OBJC_MSGSEND = YES;
				ENABLE_TESTABILITY = YES;
				GCC_C_LANGUAGE_STANDARD = gnu99;
				GCC_DYNAMIC_NO_PIC = NO;
				GCC_NO_COMMON_BLOCKS = YES;
				GCC_OPTIMIZATION_LEVEL = 0;
				GCC_PREPROCESSOR_DEFINITIONS = (
					"DEBUG=1",
					"$(inherited)",
				);
				GCC_WARN_64_TO_32_BIT_CONVERSION = YES;
				GCC_WARN_ABOUT_RETURN_TYPE = YES_ERROR;
				GCC_WARN_UNDECLARED_SELECTOR = YES;
				GCC_WARN_UNINITIALIZED_AUTOS = YES_AGGRESSIVE;
				GCC_WARN_UNUSED_FUNCTION = YES;
				GCC_WARN_UNUSED_VARIABLE = YES;
				IPHONEOS_DEPLOYMENT_TARGET = 10.2;
				MTL_ENABLE_DEBUG_INFO = YES;
				ONLY_ACTIVE_ARCH = YES;
				SDKROOT = iphoneos;
				SWIFT_ACTIVE_COMPILATION_CONDITIONS = DEBUG;
				SWIFT_OPTIMIZATION_LEVEL = "-Onone";
				TARGETED_DEVICE_FAMILY = "1,2";
			};
			name = Debug;
		};
		556B81CB1EF38E02002EFB29 /* Release */ = {
			isa = XCBuildConfiguration;
			buildSettings = {
				ALWAYS_SEARCH_USER_PATHS = NO;
				CLANG_ANALYZER_NONNULL = YES;
				CLANG_CXX_LANGUAGE_STANDARD = "gnu++0x";
				CLANG_CXX_LIBRARY = "libc++";
				CLANG_ENABLE_MODULES = YES;
				CLANG_ENABLE_OBJC_ARC = YES;
				CLANG_WARN_BOOL_CONVERSION = YES;
				CLANG_WARN_CONSTANT_CONVERSION = YES;
				CLANG_WARN_DIRECT_OBJC_ISA_USAGE = YES_ERROR;
				CLANG_WARN_DOCUMENTATION_COMMENTS = YES;
				CLANG_WARN_EMPTY_BODY = YES;
				CLANG_WARN_ENUM_CONVERSION = YES;
				CLANG_WARN_INFINITE_RECURSION = YES;
				CLANG_WARN_INT_CONVERSION = YES;
				CLANG_WARN_OBJC_ROOT_CLASS = YES_ERROR;
				CLANG_WARN_SUSPICIOUS_MOVE = YES;
				CLANG_WARN_UNREACHABLE_CODE = YES;
				CLANG_WARN__DUPLICATE_METHOD_MATCH = YES;
				"CODE_SIGN_IDENTITY[sdk=iphoneos*]" = "iPhone Developer";
				COPY_PHASE_STRIP = NO;
				DEBUG_INFORMATION_FORMAT = "dwarf-with-dsym";
				ENABLE_NS_ASSERTIONS = NO;
				ENABLE_STRICT_OBJC_MSGSEND = YES;
				GCC_C_LANGUAGE_STANDARD = gnu99;
				GCC_NO_COMMON_BLOCKS = YES;
				GCC_WARN_64_TO_32_BIT_CONVERSION = YES;
				GCC_WARN_ABOUT_RETURN_TYPE = YES_ERROR;
				GCC_WARN_UNDECLARED_SELECTOR = YES;
				GCC_WARN_UNINITIALIZED_AUTOS = YES_AGGRESSIVE;
				GCC_WARN_UNUSED_FUNCTION = YES;
				GCC_WARN_UNUSED_VARIABLE = YES;
				IPHONEOS_DEPLOYMENT_TARGET = 10.2;
				MTL_ENABLE_DEBUG_INFO = NO;
				SDKROOT = iphoneos;
				SWIFT_OPTIMIZATION_LEVEL = "-Owholemodule";
				TARGETED_DEVICE_FAMILY = "1,2";
				VALIDATE_PRODUCT = YES;
			};
			name = Release;
		};
		556B81CD1EF38E02002EFB29 /* Debug */ = {
			isa = XCBuildConfiguration;
			baseConfigurationReference = 90B168695CFFC591FEDF4DDA /* Pods-examen.debug.xcconfig */;
			buildSettings = {
				ASSETCATALOG_COMPILER_APPICON_NAME = AppIcon;
				INFOPLIST_FILE = examen/Info.plist;
				LD_RUNPATH_SEARCH_PATHS = "$(inherited) @executable_path/Frameworks";
				PRODUCT_BUNDLE_IDENTIFIER = oscarloor.examen;
				PRODUCT_NAME = "$(TARGET_NAME)";
				SWIFT_VERSION = 3.0;
			};
			name = Debug;
		};
		556B81CE1EF38E02002EFB29 /* Release */ = {
			isa = XCBuildConfiguration;
			baseConfigurationReference = ED4998494119486971EEFFDA /* Pods-examen.release.xcconfig */;
			buildSettings = {
				ASSETCATALOG_COMPILER_APPICON_NAME = AppIcon;
				INFOPLIST_FILE = examen/Info.plist;
				LD_RUNPATH_SEARCH_PATHS = "$(inherited) @executable_path/Frameworks";
				PRODUCT_BUNDLE_IDENTIFIER = oscarloor.examen;
				PRODUCT_NAME = "$(TARGET_NAME)";
				SWIFT_VERSION = 3.0;
			};
			name = Release;
		};
		556B81D01EF38E02002EFB29 /* Debug */ = {
			isa = XCBuildConfiguration;
			baseConfigurationReference = 0491C32345E7D6FE374D2354 /* Pods-examenTests.debug.xcconfig */;
			buildSettings = {
				ALWAYS_EMBED_SWIFT_STANDARD_LIBRARIES = YES;
				BUNDLE_LOADER = "$(TEST_HOST)";
				INFOPLIST_FILE = examenTests/Info.plist;
				LD_RUNPATH_SEARCH_PATHS = "$(inherited) @executable_path/Frameworks @loader_path/Frameworks";
				PRODUCT_BUNDLE_IDENTIFIER = oscarloor.examenTests;
				PRODUCT_NAME = "$(TARGET_NAME)";
				SWIFT_VERSION = 3.0;
				TEST_HOST = "$(BUILT_PRODUCTS_DIR)/examen.app/examen";
			};
			name = Debug;
		};
		556B81D11EF38E02002EFB29 /* Release */ = {
			isa = XCBuildConfiguration;
			baseConfigurationReference = 42680731A3D1F39F25274053 /* Pods-examenTests.release.xcconfig */;
			buildSettings = {
				ALWAYS_EMBED_SWIFT_STANDARD_LIBRARIES = YES;
				BUNDLE_LOADER = "$(TEST_HOST)";
				INFOPLIST_FILE = examenTests/Info.plist;
				LD_RUNPATH_SEARCH_PATHS = "$(inherited) @executable_path/Frameworks @loader_path/Frameworks";
				PRODUCT_BUNDLE_IDENTIFIER = oscarloor.examenTests;
				PRODUCT_NAME = "$(TARGET_NAME)";
				SWIFT_VERSION = 3.0;
				TEST_HOST = "$(BUILT_PRODUCTS_DIR)/examen.app/examen";
			};
			name = Release;
		};
		556B81D31EF38E02002EFB29 /* Debug */ = {
			isa = XCBuildConfiguration;
			baseConfigurationReference = C098C0B39987311488A0F7B0 /* Pods-examenUITests.debug.xcconfig */;
			buildSettings = {
				ALWAYS_EMBED_SWIFT_STANDARD_LIBRARIES = YES;
				INFOPLIST_FILE = examenUITests/Info.plist;
				LD_RUNPATH_SEARCH_PATHS = "$(inherited) @executable_path/Frameworks @loader_path/Frameworks";
				PRODUCT_BUNDLE_IDENTIFIER = oscarloor.examenUITests;
				PRODUCT_NAME = "$(TARGET_NAME)";
				SWIFT_VERSION = 3.0;
				TEST_TARGET_NAME = examen;
			};
			name = Debug;
		};
		556B81D41EF38E02002EFB29 /* Release */ = {
			isa = XCBuildConfiguration;
			baseConfigurationReference = FE1509229124BB1B566D4977 /* Pods-examenUITests.release.xcconfig */;
			buildSettings = {
				ALWAYS_EMBED_SWIFT_STANDARD_LIBRARIES = YES;
				INFOPLIST_FILE = examenUITests/Info.plist;
				LD_RUNPATH_SEARCH_PATHS = "$(inherited) @executable_path/Frameworks @loader_path/Frameworks";
				PRODUCT_BUNDLE_IDENTIFIER = oscarloor.examenUITests;
				PRODUCT_NAME = "$(TARGET_NAME)";
				SWIFT_VERSION = 3.0;
				TEST_TARGET_NAME = examen;
			};
			name = Release;
		};
/* End XCBuildConfiguration section */

/* Begin XCConfigurationList section */
		556B819F1EF38E00002EFB29 /* Build configuration list for PBXProject "examen" */ = {
			isa = XCConfigurationList;
			buildConfigurations = (
				556B81CA1EF38E02002EFB29 /* Debug */,
				556B81CB1EF38E02002EFB29 /* Release */,
			);
			defaultConfigurationIsVisible = 0;
			defaultConfigurationName = Release;
		};
		556B81CC1EF38E02002EFB29 /* Build configuration list for PBXNativeTarget "examen" */ = {
			isa = XCConfigurationList;
			buildConfigurations = (
				556B81CD1EF38E02002EFB29 /* Debug */,
				556B81CE1EF38E02002EFB29 /* Release */,
			);
			defaultConfigurationIsVisible = 0;
			defaultConfigurationName = Release;
		};
		556B81CF1EF38E02002EFB29 /* Build configuration list for PBXNativeTarget "examenTests" */ = {
			isa = XCConfigurationList;
			buildConfigurations = (
				556B81D01EF38E02002EFB29 /* Debug */,
				556B81D11EF38E02002EFB29 /* Release */,
			);
			defaultConfigurationIsVisible = 0;
			defaultConfigurationName = Release;
		};
		556B81D21EF38E02002EFB29 /* Build configuration list for PBXNativeTarget "examenUITests" */ = {
			isa = XCConfigurationList;
			buildConfigurations = (
				556B81D31EF38E02002EFB29 /* Debug */,
				556B81D41EF38E02002EFB29 /* Release */,
			);
			defaultConfigurationIsVisible = 0;
			defaultConfigurationName = Release;
		};
/* End XCConfigurationList section */
	};
	rootObject = 556B819C1EF38E00002EFB29 /* Project object */;
}
